
Microsoft Visual Studio Solution File, Format Version 12.00
# Visual Studio Version 16
VisualStudioVersion = 16.0.33027.164
MinimumVisualStudioVersion = 10.0.40219.1
Project("{FAE04EC0-301F-11D3-BF4B-00C04F79EFBC}") = "bt1hqtcsdl", "bt1hqtcsdl\bt1hqtcsdl.csproj", "{5FDA6B01-5217-4AD9-B017-8E3F5FFA480E}"
EndProject
Global
	GlobalSection(SolutionConfigurationPlatforms) = preSolution
		Debug|Any CPU = Debug|Any CPU
		Release|Any CPU = Release|Any CPU
	EndGlobalSection
	GlobalSection(ProjectConfigurationPlatforms) = postSolution
		{5FDA6B01-5217-4AD9-B017-8E3F5FFA480E}.Debug|Any CPU.ActiveCfg = Debug|Any CPU
		{5FDA6B01-5217-4AD9-B017-8E3F5FFA480E}.Debug|Any CPU.Build.0 = Debug|Any CPU
		{5FDA6B01-5217-4AD9-B017-8E3F5FFA480E}.Release|Any CPU.ActiveCfg = Release|Any CPU
		{5FDA6B01-5217-4AD9-B017-8E3F5FFA480E}.Release|Any CPU.Build.0 = Release|Any CPU
	EndGlobalSection
	GlobalSection(SolutionProperties) = preSolution
		HideSolutionNode = FALSE
	EndGlobalSection
	GlobalSection(ExtensibilityGlobals) = postSolution
		SolutionGuid = {0BAAC085-C65A-4A99-9B37-B2C2A95FF3FC}
	EndGlobalSection
EndGlobal
